
Microsoft Visual Studio Solution File, Format Version 12.00
# Visual Studio Version 17
VisualStudioVersion = 17.11.35222.181
MinimumVisualStudioVersion = 10.0.40219.1
Project("{FAE04EC0-301F-11D3-BF4B-00C04F79EFBC}") = "EmployeeApplication", "EmployeeApplication\EmployeeApplication.csproj", "{EBAAFB32-ED08-408B-83B2-16F476340832}"
EndProject
Global
	GlobalSection(SolutionConfigurationPlatforms) = preSolution
		Debug|Any CPU = Debug|Any CPU
		Release|Any CPU = Release|Any CPU
	EndGlobalSection
	GlobalSection(ProjectConfigurationPlatforms) = postSolution
		{EBAAFB32-ED08-408B-83B2-16F476340832}.Debug|Any CPU.ActiveCfg = Debug|Any CPU
		{EBAAFB32-ED08-408B-83B2-16F476340832}.Debug|Any CPU.Build.0 = Debug|Any CPU
		{EBAAFB32-ED08-408B-83B2-16F476340832}.Release|Any CPU.ActiveCfg = Release|Any CPU
		{EBAAFB32-ED08-408B-83B2-16F476340832}.Release|Any CPU.Build.0 = Release|Any CPU
	EndGlobalSection
	GlobalSection(SolutionProperties) = preSolution
		HideSolutionNode = FALSE
	EndGlobalSection
	GlobalSection(ExtensibilityGlobals) = postSolution
		SolutionGuid = {892123E7-2733-4607-945D-E825EC39E77E}
	EndGlobalSection
EndGlobal
